
Microsoft Visual Studio Solution File, Format Version 12.00
# Visual Studio Version 16
VisualStudioVersion = 16.0.32228.343
MinimumVisualStudioVersion = 10.0.40219.1
Project("{9A19103F-16F7-4668-BE54-9A1E7A4F7556}") = "ShopEasy", "ShopEasy.csproj", "{F2E5F605-4B4F-47F3-8629-438152B3D12B}"
EndProject
Project("{FAE04EC0-301F-11D3-BF4B-00C04F79EFBC}") = "ShopEasyTest", "..\ShopEasyTest\ShopEasyTest.csproj", "{600771AA-0D9C-46BD-A68B-3CCB7D8F39AA}"
EndProject
Global
	GlobalSection(SolutionConfigurationPlatforms) = preSolution
		Debug|Any CPU = Debug|Any CPU
		Release|Any CPU = Release|Any CPU
	EndGlobalSection
	GlobalSection(ProjectConfigurationPlatforms) = postSolution
		{F2E5F605-4B4F-47F3-8629-438152B3D12B}.Debug|Any CPU.ActiveCfg = Debug|Any CPU
		{F2E5F605-4B4F-47F3-8629-438152B3D12B}.Debug|Any CPU.Build.0 = Debug|Any CPU
		{F2E5F605-4B4F-47F3-8629-438152B3D12B}.Release|Any CPU.ActiveCfg = Release|Any CPU
		{F2E5F605-4B4F-47F3-8629-438152B3D12B}.Release|Any CPU.Build.0 = Release|Any CPU
		{600771AA-0D9C-46BD-A68B-3CCB7D8F39AA}.Debug|Any CPU.ActiveCfg = Debug|Any CPU
		{600771AA-0D9C-46BD-A68B-3CCB7D8F39AA}.Debug|Any CPU.Build.0 = Debug|Any CPU
		{600771AA-0D9C-46BD-A68B-3CCB7D8F39AA}.Release|Any CPU.ActiveCfg = Release|Any CPU
		{600771AA-0D9C-46BD-A68B-3CCB7D8F39AA}.Release|Any CPU.Build.0 = Release|Any CPU
	EndGlobalSection
	GlobalSection(SolutionProperties) = preSolution
		HideSolutionNode = FALSE
	EndGlobalSection
	GlobalSection(ExtensibilityGlobals) = postSolution
		SolutionGuid = {A82CAD30-E943-412B-9613-248B75CE3453}
	EndGlobalSection
EndGlobal
